
Microsoft Visual Studio Solution File, Format Version 12.00
# Visual Studio Version 16
VisualStudioVersion = 16.0.31321.278
MinimumVisualStudioVersion = 10.0.40219.1
Project("{FAE04EC0-301F-11D3-BF4B-00C04F79EFBC}") = "IsItALeapYear", "IsItALeapYear\IsItALeapYear.csproj", "{3D4CB00F-33F3-4A18-8645-A7EF37C02C46}"
EndProject
Project("{FAE04EC0-301F-11D3-BF4B-00C04F79EFBC}") = "TestProject1", "TestProject1\TestProject1.csproj", "{2098DCDB-4B60-488B-A5F1-A7637A56CB27}"
EndProject
Global
	GlobalSection(SolutionConfigurationPlatforms) = preSolution
		Debug|Any CPU = Debug|Any CPU
		Release|Any CPU = Release|Any CPU
	EndGlobalSection
	GlobalSection(ProjectConfigurationPlatforms) = postSolution
		{3D4CB00F-33F3-4A18-8645-A7EF37C02C46}.Debug|Any CPU.ActiveCfg = Debug|Any CPU
		{3D4CB00F-33F3-4A18-8645-A7EF37C02C46}.Debug|Any CPU.Build.0 = Debug|Any CPU
		{3D4CB00F-33F3-4A18-8645-A7EF37C02C46}.Release|Any CPU.ActiveCfg = Release|Any CPU
		{3D4CB00F-33F3-4A18-8645-A7EF37C02C46}.Release|Any CPU.Build.0 = Release|Any CPU
		{2098DCDB-4B60-488B-A5F1-A7637A56CB27}.Debug|Any CPU.ActiveCfg = Debug|Any CPU
		{2098DCDB-4B60-488B-A5F1-A7637A56CB27}.Debug|Any CPU.Build.0 = Debug|Any CPU
		{2098DCDB-4B60-488B-A5F1-A7637A56CB27}.Release|Any CPU.ActiveCfg = Release|Any CPU
		{2098DCDB-4B60-488B-A5F1-A7637A56CB27}.Release|Any CPU.Build.0 = Release|Any CPU
	EndGlobalSection
	GlobalSection(SolutionProperties) = preSolution
		HideSolutionNode = FALSE
	EndGlobalSection
	GlobalSection(ExtensibilityGlobals) = postSolution
		SolutionGuid = {3ECBAF8F-3BA4-4A14-B350-97FCD6835F91}
	EndGlobalSection
EndGlobal
